
Microsoft Visual Studio Solution File, Format Version 12.00
# Visual Studio Version 16
VisualStudioVersion = 16.6.30114.105
MinimumVisualStudioVersion = 10.0.40219.1
Project("{2150E333-8FDC-42A3-9474-1A3956D46DE8}") = "src", "src", "{3F028DAC-AA74-4573-8097-B14A65D44D62}"
EndProject
Project("{F2A71F9B-5D33-465A-A702-920D77279786}") = "ToApexClass", "src\ToApexClass\ToApexClass.fsproj", "{83D7214F-0554-4310-8FA4-617BFDC9A142}"
EndProject
Project("{2150E333-8FDC-42A3-9474-1A3956D46DE8}") = "example", "example", "{F61A73FF-AB6A-4ACD-9A3D-36FF2006D810}"
EndProject
Project("{FAE04EC0-301F-11D3-BF4B-00C04F79EFBC}") = "ToApexClass.Example.Cs", "example\ToApexClass.Example.Cs\ToApexClass.Example.Cs.csproj", "{DC065865-3C6C-481C-89C3-D234E8F0B6DE}"
EndProject
Project("{2150E333-8FDC-42A3-9474-1A3956D46DE8}") = "test", "test", "{0F61B607-4483-45A7-AE19-F242EEC8FD0A}"
EndProject
Project("{F2A71F9B-5D33-465A-A702-920D77279786}") = "ToApexClass.Tests", "test\ToApexClass.Tests\ToApexClass.Tests.fsproj", "{98E5BCEB-E03D-4F33-8D7C-A517D3E83DA1}"
EndProject
Global
	GlobalSection(SolutionConfigurationPlatforms) = preSolution
		Debug|Any CPU = Debug|Any CPU
		Debug|x64 = Debug|x64
		Debug|x86 = Debug|x86
		Release|Any CPU = Release|Any CPU
		Release|x64 = Release|x64
		Release|x86 = Release|x86
	EndGlobalSection
	GlobalSection(SolutionProperties) = preSolution
		HideSolutionNode = FALSE
	EndGlobalSection
	GlobalSection(ProjectConfigurationPlatforms) = postSolution
		{83D7214F-0554-4310-8FA4-617BFDC9A142}.Debug|Any CPU.ActiveCfg = Debug|Any CPU
		{83D7214F-0554-4310-8FA4-617BFDC9A142}.Debug|Any CPU.Build.0 = Debug|Any CPU
		{83D7214F-0554-4310-8FA4-617BFDC9A142}.Debug|x64.ActiveCfg = Debug|Any CPU
		{83D7214F-0554-4310-8FA4-617BFDC9A142}.Debug|x64.Build.0 = Debug|Any CPU
		{83D7214F-0554-4310-8FA4-617BFDC9A142}.Debug|x86.ActiveCfg = Debug|Any CPU
		{83D7214F-0554-4310-8FA4-617BFDC9A142}.Debug|x86.Build.0 = Debug|Any CPU
		{83D7214F-0554-4310-8FA4-617BFDC9A142}.Release|Any CPU.ActiveCfg = Release|Any CPU
		{83D7214F-0554-4310-8FA4-617BFDC9A142}.Release|Any CPU.Build.0 = Release|Any CPU
		{83D7214F-0554-4310-8FA4-617BFDC9A142}.Release|x64.ActiveCfg = Release|Any CPU
		{83D7214F-0554-4310-8FA4-617BFDC9A142}.Release|x64.Build.0 = Release|Any CPU
		{83D7214F-0554-4310-8FA4-617BFDC9A142}.Release|x86.ActiveCfg = Release|Any CPU
		{83D7214F-0554-4310-8FA4-617BFDC9A142}.Release|x86.Build.0 = Release|Any CPU
		{DC065865-3C6C-481C-89C3-D234E8F0B6DE}.Debug|Any CPU.ActiveCfg = Debug|Any CPU
		{DC065865-3C6C-481C-89C3-D234E8F0B6DE}.Debug|Any CPU.Build.0 = Debug|Any CPU
		{DC065865-3C6C-481C-89C3-D234E8F0B6DE}.Debug|x64.ActiveCfg = Debug|Any CPU
		{DC065865-3C6C-481C-89C3-D234E8F0B6DE}.Debug|x64.Build.0 = Debug|Any CPU
		{DC065865-3C6C-481C-89C3-D234E8F0B6DE}.Debug|x86.ActiveCfg = Debug|Any CPU
		{DC065865-3C6C-481C-89C3-D234E8F0B6DE}.Debug|x86.Build.0 = Debug|Any CPU
		{DC065865-3C6C-481C-89C3-D234E8F0B6DE}.Release|Any CPU.ActiveCfg = Release|Any CPU
		{DC065865-3C6C-481C-89C3-D234E8F0B6DE}.Release|Any CPU.Build.0 = Release|Any CPU
		{DC065865-3C6C-481C-89C3-D234E8F0B6DE}.Release|x64.ActiveCfg = Release|Any CPU
		{DC065865-3C6C-481C-89C3-D234E8F0B6DE}.Release|x64.Build.0 = Release|Any CPU
		{DC065865-3C6C-481C-89C3-D234E8F0B6DE}.Release|x86.ActiveCfg = Release|Any CPU
		{DC065865-3C6C-481C-89C3-D234E8F0B6DE}.Release|x86.Build.0 = Release|Any CPU
		{98E5BCEB-E03D-4F33-8D7C-A517D3E83DA1}.Debug|Any CPU.ActiveCfg = Debug|Any CPU
		{98E5BCEB-E03D-4F33-8D7C-A517D3E83DA1}.Debug|Any CPU.Build.0 = Debug|Any CPU
		{98E5BCEB-E03D-4F33-8D7C-A517D3E83DA1}.Debug|x64.ActiveCfg = Debug|Any CPU
		{98E5BCEB-E03D-4F33-8D7C-A517D3E83DA1}.Debug|x64.Build.0 = Debug|Any CPU
		{98E5BCEB-E03D-4F33-8D7C-A517D3E83DA1}.Debug|x86.ActiveCfg = Debug|Any CPU
		{98E5BCEB-E03D-4F33-8D7C-A517D3E83DA1}.Debug|x86.Build.0 = Debug|Any CPU
		{98E5BCEB-E03D-4F33-8D7C-A517D3E83DA1}.Release|Any CPU.ActiveCfg = Release|Any CPU
		{98E5BCEB-E03D-4F33-8D7C-A517D3E83DA1}.Release|Any CPU.Build.0 = Release|Any CPU
		{98E5BCEB-E03D-4F33-8D7C-A517D3E83DA1}.Release|x64.ActiveCfg = Release|Any CPU
		{98E5BCEB-E03D-4F33-8D7C-A517D3E83DA1}.Release|x64.Build.0 = Release|Any CPU
		{98E5BCEB-E03D-4F33-8D7C-A517D3E83DA1}.Release|x86.ActiveCfg = Release|Any CPU
		{98E5BCEB-E03D-4F33-8D7C-A517D3E83DA1}.Release|x86.Build.0 = Release|Any CPU
	EndGlobalSection
	GlobalSection(NestedProjects) = preSolution
		{83D7214F-0554-4310-8FA4-617BFDC9A142} = {3F028DAC-AA74-4573-8097-B14A65D44D62}
		{DC065865-3C6C-481C-89C3-D234E8F0B6DE} = {F61A73FF-AB6A-4ACD-9A3D-36FF2006D810}
		{98E5BCEB-E03D-4F33-8D7C-A517D3E83DA1} = {0F61B607-4483-45A7-AE19-F242EEC8FD0A}
	EndGlobalSection
EndGlobal
